
Microsoft Visual Studio Solution File, Format Version 12.00
# Visual Studio Version 16
VisualStudioVersion = 16.0.29709.97
MinimumVisualStudioVersion = 10.0.40219.1
Project("{FAE04EC0-301F-11D3-BF4B-00C04F79EFBC}") = "practices", "practices\practices.csproj", "{02ABAFB2-497A-4A63-A544-71F730002783}"
EndProject
Global
	GlobalSection(SolutionConfigurationPlatforms) = preSolution
		Debug|Any CPU = Debug|Any CPU
		Release|Any CPU = Release|Any CPU
	EndGlobalSection
	GlobalSection(ProjectConfigurationPlatforms) = postSolution
		{02ABAFB2-497A-4A63-A544-71F730002783}.Debug|Any CPU.ActiveCfg = Debug|Any CPU
		{02ABAFB2-497A-4A63-A544-71F730002783}.Debug|Any CPU.Build.0 = Debug|Any CPU
		{02ABAFB2-497A-4A63-A544-71F730002783}.Release|Any CPU.ActiveCfg = Release|Any CPU
		{02ABAFB2-497A-4A63-A544-71F730002783}.Release|Any CPU.Build.0 = Release|Any CPU
	EndGlobalSection
	GlobalSection(SolutionProperties) = preSolution
		HideSolutionNode = FALSE
	EndGlobalSection
	GlobalSection(ExtensibilityGlobals) = postSolution
		SolutionGuid = {35FA73FE-EBE2-47F5-9A24-B8DB16839829}
	EndGlobalSection
EndGlobal
