
Microsoft Visual Studio Solution File, Format Version 12.00
# Visual Studio 15
VisualStudioVersion = 15.0.28307.1000
MinimumVisualStudioVersion = 10.0.40219.1
Project("{FAE04EC0-301F-11D3-BF4B-00C04F79EFBC}") = "act4", "act4\act4.csproj", "{D3FA7320-E7A4-4697-BF22-E95D2256A813}"
EndProject
Global
	GlobalSection(SolutionConfigurationPlatforms) = preSolution
		Debug|Any CPU = Debug|Any CPU
		Release|Any CPU = Release|Any CPU
	EndGlobalSection
	GlobalSection(ProjectConfigurationPlatforms) = postSolution
		{D3FA7320-E7A4-4697-BF22-E95D2256A813}.Debug|Any CPU.ActiveCfg = Debug|Any CPU
		{D3FA7320-E7A4-4697-BF22-E95D2256A813}.Debug|Any CPU.Build.0 = Debug|Any CPU
		{D3FA7320-E7A4-4697-BF22-E95D2256A813}.Release|Any CPU.ActiveCfg = Release|Any CPU
		{D3FA7320-E7A4-4697-BF22-E95D2256A813}.Release|Any CPU.Build.0 = Release|Any CPU
	EndGlobalSection
	GlobalSection(SolutionProperties) = preSolution
		HideSolutionNode = FALSE
	EndGlobalSection
	GlobalSection(ExtensibilityGlobals) = postSolution
		SolutionGuid = {0A0D7666-B913-4523-A237-CB9B7606CD91}
	EndGlobalSection
EndGlobal
