
Microsoft Visual Studio Solution File, Format Version 12.00
# Visual Studio 15
VisualStudioVersion = 15.0.28307.1000
MinimumVisualStudioVersion = 10.0.40219.1
Project("{FAE04EC0-301F-11D3-BF4B-00C04F79EFBC}") = "Act4_03", "Act4_03\Act4_03.csproj", "{572C2AD6-AA63-45DA-875C-3F3CCD11806C}"
EndProject
Global
	GlobalSection(SolutionConfigurationPlatforms) = preSolution
		Debug|Any CPU = Debug|Any CPU
		Release|Any CPU = Release|Any CPU
	EndGlobalSection
	GlobalSection(ProjectConfigurationPlatforms) = postSolution
		{572C2AD6-AA63-45DA-875C-3F3CCD11806C}.Debug|Any CPU.ActiveCfg = Debug|Any CPU
		{572C2AD6-AA63-45DA-875C-3F3CCD11806C}.Debug|Any CPU.Build.0 = Debug|Any CPU
		{572C2AD6-AA63-45DA-875C-3F3CCD11806C}.Release|Any CPU.ActiveCfg = Release|Any CPU
		{572C2AD6-AA63-45DA-875C-3F3CCD11806C}.Release|Any CPU.Build.0 = Release|Any CPU
	EndGlobalSection
	GlobalSection(SolutionProperties) = preSolution
		HideSolutionNode = FALSE
	EndGlobalSection
	GlobalSection(ExtensibilityGlobals) = postSolution
		SolutionGuid = {2D68742B-29D7-4DB6-B632-094F38EC6F53}
	EndGlobalSection
EndGlobal
