
Microsoft Visual Studio Solution File, Format Version 12.00
# Visual Studio 15
VisualStudioVersion = 15.0.28307.1000
MinimumVisualStudioVersion = 10.0.40219.1
Project("{FAE04EC0-301F-11D3-BF4B-00C04F79EFBC}") = "Act4_02", "Act4_02\Act4_02.csproj", "{39309C95-FE62-45FD-9E0F-40B6B5ED7CD5}"
EndProject
Global
	GlobalSection(SolutionConfigurationPlatforms) = preSolution
		Debug|Any CPU = Debug|Any CPU
		Release|Any CPU = Release|Any CPU
	EndGlobalSection
	GlobalSection(ProjectConfigurationPlatforms) = postSolution
		{39309C95-FE62-45FD-9E0F-40B6B5ED7CD5}.Debug|Any CPU.ActiveCfg = Debug|Any CPU
		{39309C95-FE62-45FD-9E0F-40B6B5ED7CD5}.Debug|Any CPU.Build.0 = Debug|Any CPU
		{39309C95-FE62-45FD-9E0F-40B6B5ED7CD5}.Release|Any CPU.ActiveCfg = Release|Any CPU
		{39309C95-FE62-45FD-9E0F-40B6B5ED7CD5}.Release|Any CPU.Build.0 = Release|Any CPU
	EndGlobalSection
	GlobalSection(SolutionProperties) = preSolution
		HideSolutionNode = FALSE
	EndGlobalSection
	GlobalSection(ExtensibilityGlobals) = postSolution
		SolutionGuid = {A0EFB890-96BF-421F-A3FC-73C8FE402E46}
	EndGlobalSection
EndGlobal
