
Microsoft Visual Studio Solution File, Format Version 12.00
# Visual Studio Version 16
VisualStudioVersion = 16.0.29709.97
MinimumVisualStudioVersion = 10.0.40219.1
Project("{FAE04EC0-301F-11D3-BF4B-00C04F79EFBC}") = "Lab3_Act4", "Lab3_Act4\Lab3_Act4.csproj", "{635841A3-4536-4228-99BF-1E6699A5FE7C}"
EndProject
Global
	GlobalSection(SolutionConfigurationPlatforms) = preSolution
		Debug|Any CPU = Debug|Any CPU
		Release|Any CPU = Release|Any CPU
	EndGlobalSection
	GlobalSection(ProjectConfigurationPlatforms) = postSolution
		{635841A3-4536-4228-99BF-1E6699A5FE7C}.Debug|Any CPU.ActiveCfg = Debug|Any CPU
		{635841A3-4536-4228-99BF-1E6699A5FE7C}.Debug|Any CPU.Build.0 = Debug|Any CPU
		{635841A3-4536-4228-99BF-1E6699A5FE7C}.Release|Any CPU.ActiveCfg = Release|Any CPU
		{635841A3-4536-4228-99BF-1E6699A5FE7C}.Release|Any CPU.Build.0 = Release|Any CPU
	EndGlobalSection
	GlobalSection(SolutionProperties) = preSolution
		HideSolutionNode = FALSE
	EndGlobalSection
	GlobalSection(ExtensibilityGlobals) = postSolution
		SolutionGuid = {19265A3C-81B8-47EA-82CB-A88E95447E39}
	EndGlobalSection
EndGlobal
