
Microsoft Visual Studio Solution File, Format Version 12.00
# Visual Studio 15
VisualStudioVersion = 15.0.28307.1000
MinimumVisualStudioVersion = 10.0.40219.1
Project("{FAE04EC0-301F-11D3-BF4B-00C04F79EFBC}") = "Act2_4", "Act2_4\Act2_4.csproj", "{298D3796-034E-4C9F-A02D-2187ED6237EF}"
EndProject
Global
	GlobalSection(SolutionConfigurationPlatforms) = preSolution
		Debug|Any CPU = Debug|Any CPU
		Release|Any CPU = Release|Any CPU
	EndGlobalSection
	GlobalSection(ProjectConfigurationPlatforms) = postSolution
		{298D3796-034E-4C9F-A02D-2187ED6237EF}.Debug|Any CPU.ActiveCfg = Debug|Any CPU
		{298D3796-034E-4C9F-A02D-2187ED6237EF}.Debug|Any CPU.Build.0 = Debug|Any CPU
		{298D3796-034E-4C9F-A02D-2187ED6237EF}.Release|Any CPU.ActiveCfg = Release|Any CPU
		{298D3796-034E-4C9F-A02D-2187ED6237EF}.Release|Any CPU.Build.0 = Release|Any CPU
	EndGlobalSection
	GlobalSection(SolutionProperties) = preSolution
		HideSolutionNode = FALSE
	EndGlobalSection
	GlobalSection(ExtensibilityGlobals) = postSolution
		SolutionGuid = {04427AE7-3F79-4AFC-873E-F4A703C32334}
	EndGlobalSection
EndGlobal
